
Microsoft Visual Studio Solution File, Format Version 12.00
# Visual Studio Version 17
VisualStudioVersion = 17.8.34408.163
MinimumVisualStudioVersion = 10.0.40219.1
Project("{8BC9CEB8-8B4A-11D0-8D11-00A0C91BC942}") = "copyNoMove", "copyNoMove.vcxproj", "{DF4B4ABB-F7DE-4C00-9E86-251CC9666918}"
EndProject
Global
	GlobalSection(SolutionConfigurationPlatforms) = preSolution
		Debug|x64 = Debug|x64
		Debug|x86 = Debug|x86
		Release|x64 = Release|x64
		Release|x86 = Release|x86
	EndGlobalSection
	GlobalSection(ProjectConfigurationPlatforms) = postSolution
		{DF4B4ABB-F7DE-4C00-9E86-251CC9666918}.Debug|x64.ActiveCfg = Debug|x64
		{DF4B4ABB-F7DE-4C00-9E86-251CC9666918}.Debug|x64.Build.0 = Debug|x64
		{DF4B4ABB-F7DE-4C00-9E86-251CC9666918}.Debug|x86.ActiveCfg = Debug|Win32
		{DF4B4ABB-F7DE-4C00-9E86-251CC9666918}.Debug|x86.Build.0 = Debug|Win32
		{DF4B4ABB-F7DE-4C00-9E86-251CC9666918}.Release|x64.ActiveCfg = Release|x64
		{DF4B4ABB-F7DE-4C00-9E86-251CC9666918}.Release|x64.Build.0 = Release|x64
		{DF4B4ABB-F7DE-4C00-9E86-251CC9666918}.Release|x86.ActiveCfg = Release|Win32
		{DF4B4ABB-F7DE-4C00-9E86-251CC9666918}.Release|x86.Build.0 = Release|Win32
	EndGlobalSection
	GlobalSection(SolutionProperties) = preSolution
		HideSolutionNode = FALSE
	EndGlobalSection
	GlobalSection(ExtensibilityGlobals) = postSolution
		SolutionGuid = {E27E1EBD-A1F0-4D0A-AC2A-2A10D7D3A473}
	EndGlobalSection
EndGlobal
