
Microsoft Visual Studio Solution File, Format Version 12.00
# Visual Studio Version 17
VisualStudioVersion = 17.8.34408.163
MinimumVisualStudioVersion = 10.0.40219.1
Project("{8BC9CEB8-8B4A-11D0-8D11-00A0C91BC942}") = "multimap", "multimap.vcxproj", "{E4EBB1E0-13C9-463F-90C2-0430C572D0AC}"
EndProject
Global
	GlobalSection(SolutionConfigurationPlatforms) = preSolution
		Debug|x64 = Debug|x64
		Debug|x86 = Debug|x86
		Release|x64 = Release|x64
		Release|x86 = Release|x86
	EndGlobalSection
	GlobalSection(ProjectConfigurationPlatforms) = postSolution
		{E4EBB1E0-13C9-463F-90C2-0430C572D0AC}.Debug|x64.ActiveCfg = Debug|x64
		{E4EBB1E0-13C9-463F-90C2-0430C572D0AC}.Debug|x64.Build.0 = Debug|x64
		{E4EBB1E0-13C9-463F-90C2-0430C572D0AC}.Debug|x86.ActiveCfg = Debug|Win32
		{E4EBB1E0-13C9-463F-90C2-0430C572D0AC}.Debug|x86.Build.0 = Debug|Win32
		{E4EBB1E0-13C9-463F-90C2-0430C572D0AC}.Release|x64.ActiveCfg = Release|x64
		{E4EBB1E0-13C9-463F-90C2-0430C572D0AC}.Release|x64.Build.0 = Release|x64
		{E4EBB1E0-13C9-463F-90C2-0430C572D0AC}.Release|x86.ActiveCfg = Release|Win32
		{E4EBB1E0-13C9-463F-90C2-0430C572D0AC}.Release|x86.Build.0 = Release|Win32
	EndGlobalSection
	GlobalSection(SolutionProperties) = preSolution
		HideSolutionNode = FALSE
	EndGlobalSection
	GlobalSection(ExtensibilityGlobals) = postSolution
		SolutionGuid = {F556B00F-D9C5-4CA7-9B18-85998ED347F4}
	EndGlobalSection
EndGlobal
