
Microsoft Visual Studio Solution File, Format Version 12.00
# Visual Studio Version 17
VisualStudioVersion = 17.8.34330.188
MinimumVisualStudioVersion = 10.0.40219.1
Project("{8BC9CEB8-8B4A-11D0-8D11-00A0C91BC942}") = "inserters", "inserters.vcxproj", "{BB6F8D5A-ABEA-45D2-BB64-B0C15C861785}"
EndProject
Global
	GlobalSection(SolutionConfigurationPlatforms) = preSolution
		Debug|x64 = Debug|x64
		Debug|x86 = Debug|x86
		Release|x64 = Release|x64
		Release|x86 = Release|x86
	EndGlobalSection
	GlobalSection(ProjectConfigurationPlatforms) = postSolution
		{BB6F8D5A-ABEA-45D2-BB64-B0C15C861785}.Debug|x64.ActiveCfg = Debug|x64
		{BB6F8D5A-ABEA-45D2-BB64-B0C15C861785}.Debug|x64.Build.0 = Debug|x64
		{BB6F8D5A-ABEA-45D2-BB64-B0C15C861785}.Debug|x86.ActiveCfg = Debug|Win32
		{BB6F8D5A-ABEA-45D2-BB64-B0C15C861785}.Debug|x86.Build.0 = Debug|Win32
		{BB6F8D5A-ABEA-45D2-BB64-B0C15C861785}.Release|x64.ActiveCfg = Release|x64
		{BB6F8D5A-ABEA-45D2-BB64-B0C15C861785}.Release|x64.Build.0 = Release|x64
		{BB6F8D5A-ABEA-45D2-BB64-B0C15C861785}.Release|x86.ActiveCfg = Release|Win32
		{BB6F8D5A-ABEA-45D2-BB64-B0C15C861785}.Release|x86.Build.0 = Release|Win32
	EndGlobalSection
	GlobalSection(SolutionProperties) = preSolution
		HideSolutionNode = FALSE
	EndGlobalSection
	GlobalSection(ExtensibilityGlobals) = postSolution
		SolutionGuid = {E72B55DA-5FE0-410E-9FCA-8F71C20291B2}
	EndGlobalSection
EndGlobal
