
Microsoft Visual Studio Solution File, Format Version 12.00
# Visual Studio Version 17
VisualStudioVersion = 17.9.34607.119
MinimumVisualStudioVersion = 10.0.40219.1
Project("{8BC9CEB8-8B4A-11D0-8D11-00A0C91BC942}") = "DebugInitialize", "DebugInitialize.vcxproj", "{E1E7B6ED-2466-4518-A548-F8D0CB59FBCB}"
EndProject
Global
	GlobalSection(SolutionConfigurationPlatforms) = preSolution
		Debug|x64 = Debug|x64
		Debug|x86 = Debug|x86
		Release|x64 = Release|x64
		Release|x86 = Release|x86
	EndGlobalSection
	GlobalSection(ProjectConfigurationPlatforms) = postSolution
		{E1E7B6ED-2466-4518-A548-F8D0CB59FBCB}.Debug|x64.ActiveCfg = Debug|x64
		{E1E7B6ED-2466-4518-A548-F8D0CB59FBCB}.Debug|x64.Build.0 = Debug|x64
		{E1E7B6ED-2466-4518-A548-F8D0CB59FBCB}.Debug|x86.ActiveCfg = Debug|Win32
		{E1E7B6ED-2466-4518-A548-F8D0CB59FBCB}.Debug|x86.Build.0 = Debug|Win32
		{E1E7B6ED-2466-4518-A548-F8D0CB59FBCB}.Release|x64.ActiveCfg = Release|x64
		{E1E7B6ED-2466-4518-A548-F8D0CB59FBCB}.Release|x64.Build.0 = Release|x64
		{E1E7B6ED-2466-4518-A548-F8D0CB59FBCB}.Release|x86.ActiveCfg = Release|Win32
		{E1E7B6ED-2466-4518-A548-F8D0CB59FBCB}.Release|x86.Build.0 = Release|Win32
	EndGlobalSection
	GlobalSection(SolutionProperties) = preSolution
		HideSolutionNode = FALSE
	EndGlobalSection
	GlobalSection(ExtensibilityGlobals) = postSolution
		SolutionGuid = {2AE4AEBD-0D14-451D-8487-23BBC4301E36}
	EndGlobalSection
EndGlobal
