
Microsoft Visual Studio Solution File, Format Version 12.00
# Visual Studio Version 17
VisualStudioVersion = 17.9.34607.119
MinimumVisualStudioVersion = 10.0.40219.1
Project("{8BC9CEB8-8B4A-11D0-8D11-00A0C91BC942}") = "Integer64FormatControl", "Integer64FormatControl.vcxproj", "{295D16EC-6A3E-4BB5-828B-F448EE42D5B0}"
EndProject
Global
	GlobalSection(SolutionConfigurationPlatforms) = preSolution
		Debug|x64 = Debug|x64
		Debug|x86 = Debug|x86
		Release|x64 = Release|x64
		Release|x86 = Release|x86
	EndGlobalSection
	GlobalSection(ProjectConfigurationPlatforms) = postSolution
		{295D16EC-6A3E-4BB5-828B-F448EE42D5B0}.Debug|x64.ActiveCfg = Debug|x64
		{295D16EC-6A3E-4BB5-828B-F448EE42D5B0}.Debug|x64.Build.0 = Debug|x64
		{295D16EC-6A3E-4BB5-828B-F448EE42D5B0}.Debug|x86.ActiveCfg = Debug|Win32
		{295D16EC-6A3E-4BB5-828B-F448EE42D5B0}.Debug|x86.Build.0 = Debug|Win32
		{295D16EC-6A3E-4BB5-828B-F448EE42D5B0}.Release|x64.ActiveCfg = Release|x64
		{295D16EC-6A3E-4BB5-828B-F448EE42D5B0}.Release|x64.Build.0 = Release|x64
		{295D16EC-6A3E-4BB5-828B-F448EE42D5B0}.Release|x86.ActiveCfg = Release|Win32
		{295D16EC-6A3E-4BB5-828B-F448EE42D5B0}.Release|x86.Build.0 = Release|Win32
	EndGlobalSection
	GlobalSection(SolutionProperties) = preSolution
		HideSolutionNode = FALSE
	EndGlobalSection
	GlobalSection(ExtensibilityGlobals) = postSolution
		SolutionGuid = {89F7B935-F975-471F-8645-756F4655C3C4}
	EndGlobalSection
EndGlobal
