
Microsoft Visual Studio Solution File, Format Version 12.00
# Visual Studio Version 17
VisualStudioVersion = 17.9.34607.119
MinimumVisualStudioVersion = 10.0.40219.1
Project("{8BC9CEB8-8B4A-11D0-8D11-00A0C91BC942}") = "RvalueReference", "RvalueReference.vcxproj", "{B2945439-0DF6-4DDF-9BAF-97C010B5E0A4}"
EndProject
Global
	GlobalSection(SolutionConfigurationPlatforms) = preSolution
		Debug|x64 = Debug|x64
		Debug|x86 = Debug|x86
		Release|x64 = Release|x64
		Release|x86 = Release|x86
	EndGlobalSection
	GlobalSection(ProjectConfigurationPlatforms) = postSolution
		{B2945439-0DF6-4DDF-9BAF-97C010B5E0A4}.Debug|x64.ActiveCfg = Debug|x64
		{B2945439-0DF6-4DDF-9BAF-97C010B5E0A4}.Debug|x64.Build.0 = Debug|x64
		{B2945439-0DF6-4DDF-9BAF-97C010B5E0A4}.Debug|x86.ActiveCfg = Debug|Win32
		{B2945439-0DF6-4DDF-9BAF-97C010B5E0A4}.Debug|x86.Build.0 = Debug|Win32
		{B2945439-0DF6-4DDF-9BAF-97C010B5E0A4}.Release|x64.ActiveCfg = Release|x64
		{B2945439-0DF6-4DDF-9BAF-97C010B5E0A4}.Release|x64.Build.0 = Release|x64
		{B2945439-0DF6-4DDF-9BAF-97C010B5E0A4}.Release|x86.ActiveCfg = Release|Win32
		{B2945439-0DF6-4DDF-9BAF-97C010B5E0A4}.Release|x86.Build.0 = Release|Win32
	EndGlobalSection
	GlobalSection(SolutionProperties) = preSolution
		HideSolutionNode = FALSE
	EndGlobalSection
	GlobalSection(ExtensibilityGlobals) = postSolution
		SolutionGuid = {E9B7FCF3-49C1-4353-B750-0F9ACA264E90}
	EndGlobalSection
EndGlobal
